{
  "version": "5",
  "specifiers": {
    "jsr:@deno/cache-dir@0.13.2": "0.13.2",
    "jsr:@deno/emit@0.46": "0.46.0",
    "jsr:@luca/esbuild-deno-loader@~0.11.1": "0.11.1",
    "jsr:@marianmeres/clog@^3.21.0": "3.21.0",
    "jsr:@marianmeres/deno-build@*": "2.2.0",
    "jsr:@marianmeres/design-tokens@^1.17.0": "1.17.0",
    "jsr:@marianmeres/npmbuild@^1.16.0": "1.16.0",
    "jsr:@marianmeres/vanilla@^1.8.0": "1.8.0",
    "jsr:@std/assert@0.223": "0.223.0",
    "jsr:@std/assert@^1.0.19": "1.0.19",
    "jsr:@std/async@^1.3.0": "1.3.0",
    "jsr:@std/bytes@0.223": "0.223.0",
    "jsr:@std/bytes@^1.0.2": "1.0.6",
    "jsr:@std/cli@^1.0.30": "1.0.32",
    "jsr:@std/collections@^1.1.7": "1.3.0",
    "jsr:@std/data-structures@^1.0.11": "1.0.11",
    "jsr:@std/encoding@^1.0.5": "1.0.11",
    "jsr:@std/fmt@0.223": "0.223.0",
    "jsr:@std/fs@0.223": "0.223.0",
    "jsr:@std/fs@^1.0.23": "1.0.24",
    "jsr:@std/fs@^1.0.24": "1.0.24",
    "jsr:@std/internal@^1.0.12": "1.0.14",
    "jsr:@std/internal@^1.0.14": "1.0.14",
    "jsr:@std/io@0.223": "0.223.0",
    "jsr:@std/path@0.223": "0.223.0",
    "jsr:@std/path@^1.0.6": "1.1.6",
    "jsr:@std/path@^1.1.4": "1.1.6",
    "jsr:@std/path@^1.1.5": "1.1.6",
    "jsr:@std/path@^1.1.6": "1.1.6",
    "jsr:@std/testing@1": "1.0.18",
    "jsr:@std/testing@^1.0.18": "1.0.18",
    "npm:esbuild@0.28": "0.28.2",
    "npm:playwright@1": "1.62.1",
    "npm:puppeteer@24": "24.43.1"
  },
  "jsr": {
    "@deno/cache-dir@0.13.2": {
      "integrity": "c22419dfe27ab85f345bee487aaaadba498b005cce3644e9d2528db035c5454d",
      "dependencies": [
        "jsr:@std/fmt",
        "jsr:@std/fs@0.223",
        "jsr:@std/io",
        "jsr:@std/path@0.223"
      ]
    },
    "@deno/emit@0.46.0": {
      "integrity": "e276be2c77bac1b93caf775762e2a49a54cb00da2d48ca2b01ed8d7cba9d082c",
      "dependencies": [
        "jsr:@deno/cache-dir",
        "jsr:@std/path@0.223"
      ]
    },
    "@luca/esbuild-deno-loader@0.11.1": {
      "integrity": "dc020d16d75b591f679f6b9288b10f38bdb4f24345edb2f5732affa1d9885267",
      "dependencies": [
        "jsr:@std/bytes@^1.0.2",
        "jsr:@std/encoding",
        "jsr:@std/path@^1.0.6"
      ]
    },
    "@marianmeres/clog@3.21.0": {
      "integrity": "c97afb0de366d865db35b7d570d6d2ff517e6cd5dc8a2b2e130528afb7fdd526"
    },
    "@marianmeres/deno-build@2.2.0": {
      "integrity": "5133b132762e46aac12dfb6fe87f81505ae2627b9461fe840878cc77e1546046",
      "dependencies": [
        "jsr:@deno/emit",
        "jsr:@luca/esbuild-deno-loader",
        "jsr:@std/cli",
        "jsr:@std/fs@^1.0.24",
        "jsr:@std/path@^1.1.5",
        "npm:esbuild"
      ]
    },
    "@marianmeres/design-tokens@1.17.0": {
      "integrity": "33d50bfaeafb72ea85eaa2740314c8bc31eef3c799d947afbcd50cc581a00d95"
    },
    "@marianmeres/npmbuild@1.16.0": {
      "integrity": "5631b65d284472d1325ecf829dce22e2df166fa3b754cd3f005c8eccd05ee8f0",
      "dependencies": [
        "jsr:@std/collections",
        "jsr:@std/fs@^1.0.23",
        "jsr:@std/path@^1.1.4"
      ]
    },
    "@marianmeres/vanilla@1.8.0": {
      "integrity": "433df0c48f939742b5f8ec41071d9a2cede7757dc09279872171b5c5c615fa44"
    },
    "@std/assert@0.223.0": {
      "integrity": "eb8d6d879d76e1cc431205bd346ed4d88dc051c6366365b1af47034b0670be24"
    },
    "@std/assert@1.0.19": {
      "integrity": "eaada96ee120cb980bc47e040f82814d786fe8162ecc53c91d8df60b8755991e",
      "dependencies": [
        "jsr:@std/internal@^1.0.12"
      ]
    },
    "@std/async@1.3.0": {
      "integrity": "80485538a4f7baaa46bfe2246168069e02ed142b9f9079cd164f43bb060ad9e9"
    },
    "@std/bytes@0.223.0": {
      "integrity": "84b75052cd8680942c397c2631318772b295019098f40aac5c36cead4cba51a8"
    },
    "@std/bytes@1.0.6": {
      "integrity": "f6ac6adbd8ccd99314045f5703e23af0a68d7f7e58364b47d2c7f408aeb5820a"
    },
    "@std/cli@1.0.32": {
      "integrity": "188b3a100d6202d64e3f5bd3d799c7fa4f6d77f92cc65eb7f641c1fa0aa92a66"
    },
    "@std/collections@1.3.0": {
      "integrity": "eb36b43d784477ea0b476483ac034a14bdd182aff921c812ecf662a1fcef9498"
    },
    "@std/data-structures@1.0.11": {
      "integrity": "53b98ed7efa61f107dfc14244bd2ec5557f7f7ee0bbaef6d449d7937facacb89"
    },
    "@std/encoding@1.0.11": {
      "integrity": "e7cef2f0b3153bccc17431e7c864a1de03a4b6d9647389c43e08aaa775d37385"
    },
    "@std/fmt@0.223.0": {
      "integrity": "6deb37794127dfc7d7bded2586b9fc6f5d50e62a8134846608baf71ffc1a5208"
    },
    "@std/fs@0.223.0": {
      "integrity": "3b4b0550b2c524cbaaa5a9170c90e96cbb7354e837ad1bdaf15fc9df1ae9c31c"
    },
    "@std/fs@1.0.24": {
      "integrity": "f3061b45b81673a2bece689da041df32d174be064c89eb6397fb5718d3fb7877",
      "dependencies": [
        "jsr:@std/internal@^1.0.14",
        "jsr:@std/path@^1.1.5"
      ]
    },
    "@std/internal@1.0.14": {
      "integrity": "291516b3d4c35024d6ffbc0a9df5bf4c64116e05b50012cf846710152d2ffdf7"
    },
    "@std/io@0.223.0": {
      "integrity": "2d8c3c2ab3a515619b90da2c6ff5ea7b75a94383259ef4d02116b228393f84f1",
      "dependencies": [
        "jsr:@std/assert@0.223",
        "jsr:@std/bytes@0.223"
      ]
    },
    "@std/path@0.223.0": {
      "integrity": "593963402d7e6597f5a6e620931661053572c982fc014000459edc1f93cc3989",
      "dependencies": [
        "jsr:@std/assert@0.223"
      ]
    },
    "@std/path@1.1.6": {
      "integrity": "c68485c2a4dfbb5ae3cc74fae4e8c4e5d874cf8a8ed12927917235c758b46cbe",
      "dependencies": [
        "jsr:@std/internal@^1.0.14"
      ]
    },
    "@std/testing@1.0.18": {
      "integrity": "d3152f57b11666bf6358d0e127c7e3488e91178b0c2d8fbf0793e1c53cd13cb1",
      "dependencies": [
        "jsr:@std/async",
        "jsr:@std/data-structures"
      ]
    }
  },
  "npm": {
    "@babel/code-frame@7.29.7": {
      "integrity": "sha512-Aup7aUOfpbAUg2ROOJN6Iw5f9DMBlzu0mIkm/malLQFN/YQgO48wCj0Kxa3sEHJvPVFg7siR+qRInwXd2qhQKw==",
      "dependencies": [
        "@babel/helper-validator-identifier",
        "js-tokens",
        "picocolors"
      ]
    },
    "@babel/helper-validator-identifier@7.29.7": {
      "integrity": "sha512-qehxGkRj55h/ff8EMaJ+cYhyaKlHIxqYDn682wQD7RNp9UujOQsHog2uS0r2vzr4pW+sXf90NeeayjcNaX3fFg=="
    },
    "@esbuild/aix-ppc64@0.28.2": {
      "integrity": "sha512-XExcO+dvLKvVtNTibSTBej1NCAbaGhWn9Ww1ZPx80qsahhPFe/8jgWP0IchNe0F3HwkU7n8ejhH8bjonqht8mQ==",
      "os": ["aix"],
      "cpu": ["ppc64"]
    },
    "@esbuild/android-arm64@0.28.2": {
      "integrity": "sha512-5YfKeeI8qWfBZIX+u2xZC3Zlb3Os/gLS2sbEKM+I4ZOcsWmHS2WLysCcQZDAFRslDUU5Oiq44gf6PYN1vGwG5A==",
      "os": ["android"],
      "cpu": ["arm64"]
    },
    "@esbuild/android-arm@0.28.2": {
      "integrity": "sha512-kXXoiPVVGQcnIYGOeaovwOURpniDBpSq4A03qkQ+BMQqtGG6HYap3xne9C1O1yo4TR3qxlCX5IqqmX6fFo2Lqg==",
      "os": ["android"],
      "cpu": ["arm"]
    },
    "@esbuild/android-x64@0.28.2": {
      "integrity": "sha512-O387ite7SzUyCcy3JQX4P4bLtEA7bLLkx+esve5JHnyYfNTxcVpXZo9jhdB0lTKN44gztELTdU7nS8Nr16Fs1Q==",
      "os": ["android"],
      "cpu": ["x64"]
    },
    "@esbuild/darwin-arm64@0.28.2": {
      "integrity": "sha512-n4KqkOQrraxHJcgjM1RvwbigfQKIKJVpM7xp+KsxiyUSrRdIXnt73VhrPAx0fV44hgfmIVKjxMN9J1t5jySVkw==",
      "os": ["darwin"],
      "cpu": ["arm64"]
    },
    "@esbuild/darwin-x64@0.28.2": {
      "integrity": "sha512-uq6suIWYP37qzGddBKPw5QEQPi6HiLGsO7UmkpfyaYNQ3D+rN6w6WfwH+nuqcGXWvawGwxOEroO4YGnFh95azw==",
      "os": ["darwin"],
      "cpu": ["x64"]
    },
    "@esbuild/freebsd-arm64@0.28.2": {
      "integrity": "sha512-n+I0BTSRIoy+d6RPKnEVwql5UwBJolytvY4mAOIEJorKlqgPII8ix6slVVrfZ5Tnj7glIZvloylbB/EJPMWEXw==",
      "os": ["freebsd"],
      "cpu": ["arm64"]
    },
    "@esbuild/freebsd-x64@0.28.2": {
      "integrity": "sha512-78XJTJkvPs0kz2w61301PJjXl4g7q3JqiYMZ/M/yVI73EHBrCRTgkhu9oqG7vPqq+a/yadEW8aD+agKlk5xrmg==",
      "os": ["freebsd"],
      "cpu": ["x64"]
    },
    "@esbuild/linux-arm64@0.28.2": {
      "integrity": "sha512-pW4AC0P3it8c7do9MVM4p51FzHzdM/TZrerurgRcHJ2WTa1VQ1CIq18xncfpBJw4ojkiZZrKW2yIBWBP92j6Ug==",
      "os": ["linux"],
      "cpu": ["arm64"]
    },
    "@esbuild/linux-arm@0.28.2": {
      "integrity": "sha512-XlDnu2q5yoqems+xay6wSAcg9DDD7K9RLKZEBOMZm3ckNpJBvOX20tSfby8KfrrhINDyv9V2YVZKY/SpoGJI8w==",
      "os": ["linux"],
      "cpu": ["arm"]
    },
    "@esbuild/linux-ia32@0.28.2": {
      "integrity": "sha512-CYbnj78HsIeA+DhgUKgFCfvNsTHFhMMrinUrMZpDXJXKN8T3XViTZ/+wtHeVxEWY8ewSzTFN+nRmSwO2tZaLUQ==",
      "os": ["linux"],
      "cpu": ["ia32"]
    },
    "@esbuild/linux-loong64@0.28.2": {
      "integrity": "sha512-buwkd8nsph4R+ajRvw0qM5Hja/TXQow3ptzWO2EbG/cqcIkHloRrdlBtQlshyYGTNFvfkfJ5tpPLVkY4DtsPfQ==",
      "os": ["linux"],
      "cpu": ["loong64"]
    },
    "@esbuild/linux-mips64el@0.28.2": {
      "integrity": "sha512-ZVykbDyk7519VwiNb9Lcj9m8XM6v5V9uKPvrEMkkEedVewf+0itkhahp4HDpgERXhwLRpWFypsGbG/J8s0QjJA==",
      "os": ["linux"],
      "cpu": ["mips64el"]
    },
    "@esbuild/linux-ppc64@0.28.2": {
      "integrity": "sha512-CAXl+Dtd9UUuJd8pKKdwh6MLm3MUMiqMPmhZ3tTSXPqfyQ3vDl6R5hZdZ/kYojK4ofXtdfSv1tFq8XzWx3heNQ==",
      "os": ["linux"],
      "cpu": ["ppc64"]
    },
    "@esbuild/linux-riscv64@0.28.2": {
      "integrity": "sha512-GeXCej4IQtU1B+QlDV8W/RRvbzI3O/Stss+/bCXv4lZls5WGRtu2a+3JkA3i4qIUlMXpcHebWpF8AkJhATowuA==",
      "os": ["linux"],
      "cpu": ["riscv64"]
    },
    "@esbuild/linux-s390x@0.28.2": {
      "integrity": "sha512-3H1weTYZPxt/WOhByszQZybS9w5lKzUn1FDMsgEChbHWQwHYQQRfBxgCcZvPhjHfKyJjIievvMmEUawJrdY9Dg==",
      "os": ["linux"],
      "cpu": ["s390x"]
    },
    "@esbuild/linux-x64@0.28.2": {
      "integrity": "sha512-4xTZr1FUmSoQW4XIWmit3tzQrUTZM+N3P0XV8xROKYF50XfI7xeO90+1bZvNwxIufQ9hDQVRJH5YhgPVF8A/HQ==",
      "os": ["linux"],
      "cpu": ["x64"]
    },
    "@esbuild/netbsd-arm64@0.28.2": {
      "integrity": "sha512-sSATRjPeDBg3pdgHoQfoYBob11Kk1FGa9lui5RIHZCoCkJa9QKlvl3/vKz2usCmYYjs7ymJR/2Nnsqe+Hjt5nw==",
      "os": ["netbsd"],
      "cpu": ["arm64"]
    },
    "@esbuild/netbsd-x64@0.28.2": {
      "integrity": "sha512-lqnzCV+mM0gIADaKihiCg6ifgfU2L3h5E33rNQBN1Y4MaVGnzryzmvvf7UHxprpQdE8hpqLolJ9Rl+SkIRDpyw==",
      "os": ["netbsd"],
      "cpu": ["x64"]
    },
    "@esbuild/openbsd-arm64@0.28.2": {
      "integrity": "sha512-AL2qJILH7lNjrDmCQDvdxMfAUIv8KMNZOvrwAQ8i8//ntL9FflhOyMJ8OZSMBb8/AWXe3/5v5S20y3zCoZWKoQ==",
      "os": ["openbsd"],
      "cpu": ["arm64"]
    },
    "@esbuild/openbsd-x64@0.28.2": {
      "integrity": "sha512-QtiuPytchRyC4rwUKhexJdQKvDuZ6hWloi3igqPQNUJCS1/v9EiO3UTOXR6A3FoMo4fnAKbWJdqaIwhOzh8qEw==",
      "os": ["openbsd"],
      "cpu": ["x64"]
    },
    "@esbuild/openharmony-arm64@0.28.2": {
      "integrity": "sha512-WkhYDmpTjLvGlScA1rwjRUmhl4k8oXR3cIbtqWmELgU/dFeHHlEllxDvdWcNJV9rbzCexB5vz8gtNewWLgCT7Q==",
      "os": ["openharmony"],
      "cpu": ["arm64"]
    },
    "@esbuild/sunos-x64@0.28.2": {
      "integrity": "sha512-GPMSkTOtMnv2U2F8gxe4Io6qmVs+YKyp832Etqqxr0hFngmXQ3rzwytelm3GIn7T4VviRUlf3sOgBOiTdvaf7g==",
      "os": ["sunos"],
      "cpu": ["x64"]
    },
    "@esbuild/win32-arm64@0.28.2": {
      "integrity": "sha512-PIhhEkE9uPBleRBrQEJpUn7MBnibZzbGzYWPmY3x+YoVg/95zbjB4CxPPOQ8l5tYYM4mMaCthF8/1DIfBQQyWQ==",
      "os": ["win32"],
      "cpu": ["arm64"]
    },
    "@esbuild/win32-ia32@0.28.2": {
      "integrity": "sha512-YmJbfTlvU7Sdn9BB+4PRES4oB6pxgS37MAONj+hBr/cpXS1aBPKXxNnDbu+QCWPj0o9dgyxeq79g6c5P8KeuYA==",
      "os": ["win32"],
      "cpu": ["ia32"]
    },
    "@esbuild/win32-x64@0.28.2": {
      "integrity": "sha512-5ebpxr3nWMzrL/rnUI755Jkuee0bHL/Gq0WTF9lvcpv73wAp5eu8MfBUgWK9bhWvZjj7yX8etf/8tI8Ney695g==",
      "os": ["win32"],
      "cpu": ["x64"]
    },
    "@puppeteer/browsers@2.13.2": {
      "integrity": "sha512-5EUZSUIc37H6aIXyWO0Z4y8NlF8NnjgmqeQgOGiswAU7pY0HOo16ho4+alIWmSfdZnjqBRawMsP3I5YqLSn6kw==",
      "dependencies": [
        "debug",
        "extract-zip",
        "progress",
        "proxy-agent",
        "semver",
        "tar-fs",
        "yargs"
      ],
      "bin": true
    },
    "@tootallnate/quickjs-emscripten@0.23.0": {
      "integrity": "sha512-C5Mc6rdnsaJDjO3UpGW/CQTHtCKaYlScZTly4JIu97Jxo/odCiH0ITnDXSJPTOrEKk/ycSZ0AOgTmkDtkOsvIA=="
    },
    "@types/node@26.2.0": {
      "integrity": "sha512-5IviulTZeRNp2vAJ514cc/HUlY5nZ9fCbq9DMyC52BrhFZACo3nI0R7qBxhQmo/d27NFe96ur/b7Wwxklda+kg==",
      "dependencies": [
        "undici-types"
      ]
    },
    "@types/yauzl@2.10.3": {
      "integrity": "sha512-oJoftv0LSuaDZE3Le4DbKX+KS9G36NzOeSap90UIK0yMA/NhKJhqlSGtNDORNRaIbQfzjXDrQa0ytJ6mNRGz/Q==",
      "dependencies": [
        "@types/node"
      ]
    },
    "agent-base@7.1.4": {
      "integrity": "sha512-MnA+YT8fwfJPgBx3m60MNqakm30XOkyIoH1y6huTQvC0PwZG7ki8NacLBcrPbNoo8vEZy7Jpuk7+jMO+CUovTQ=="
    },
    "ansi-regex@5.0.1": {
      "integrity": "sha512-quJQXlTSUGL2LH9SUXo8VwsY4soanhgo6LNSm84E1LBcE8s3O0wpdiRzyR9z/ZZJMlMWv37qOOb9pdJlMUEKFQ=="
    },
    "ansi-styles@4.3.0": {
      "integrity": "sha512-zbB9rCJAT1rbjiVDb2hqKFHNYLxgtk8NURxZ3IZwD3F6NtxbXZQCnnSi1Lkx+IDohdPlFp222wVALIheZJQSEg==",
      "dependencies": [
        "color-convert"
      ]
    },
    "argparse@2.0.1": {
      "integrity": "sha512-8+9WqebbFzpX9OR+Wa6O29asIogeRMzcGtAINdpMHHyAg10f05aSFVBbcEqGf/PXw1EjAZ+q2/bEBg3DvurK3Q=="
    },
    "ast-types@0.13.4": {
      "integrity": "sha512-x1FCFnFifvYDDzTaLII71vG5uvDwgtmDTEVWAxrgeiR8VjMONcCXJx7E+USjDtHlwFmt9MysbqgF9b9Vjr6w+w==",
      "dependencies": [
        "tslib"
      ]
    },
    "b4a@1.8.1": {
      "integrity": "sha512-aiqre1Nr0B/6DgE2N5vwTc+2/oQZ4Wh1t4NznYY4E00y8LCt6NqdRv81so00oo27D8MVKTpUa/MwUUtBLXCoDw=="
    },
    "bare-events@2.9.1": {
      "integrity": "sha512-Z0oHEHAFDZkffN8Qc39zNZjQlMDkPJRyyyZieU1VH7u8c5S+qHZ2S8ixdKIAxEjfHO7FJxXmJWgteOghVanIsg=="
    },
    "bare-fs@4.8.0": {
      "integrity": "sha512-fM+MhCvdQhZ7NV6S95a07gPSqjIYKn6mFaXfx266wN3ajZGl/+1AzH+ubkXQ0fFZvOe2nk9VHkzdYkQE5zMV3Q==",
      "dependencies": [
        "bare-events",
        "bare-path",
        "bare-stream",
        "bare-url",
        "fast-fifo"
      ]
    },
    "bare-path@3.1.1": {
      "integrity": "sha512-JprUlveX3QjApC1cTpsUOiscADftCGVWkzitbHsRqv84hzYwYHw2mbluddsq5TvI8mH/8Ov1f4BiMAdcB0oYnQ=="
    },
    "bare-stream@2.13.3_bare-events@2.9.1": {
      "integrity": "sha512-Kc+brLqvEqGkjyfiwJmImAOqLZL7OsoLKuavx+hJjgVV3nLTOjloJyPMFxjUPerGGHrNH0fLU06jjykMLWrERQ==",
      "dependencies": [
        "b4a",
        "bare-events",
        "streamx",
        "teex"
      ],
      "optionalPeers": [
        "bare-events"
      ]
    },
    "bare-url@2.5.2": {
      "integrity": "sha512-L13PCJzKG8RGvx8V1/DdMi12ERhC3tprr7/8a94BxpmnRsFqxh5XZNdhtMxu5HPkRshYOOWRGY8lDP7ZhpG9Cg==",
      "dependencies": [
        "bare-path"
      ]
    },
    "basic-ftp@5.3.1": {
      "integrity": "sha512-bopVNp6ugyA150DDuZfPFdt1KZ5a94ZDiwX4hMgZDzF+GttD80lEy8kj98kbyhLXnPvhtIo93mdnLIjpCAeeOw=="
    },
    "buffer-crc32@0.2.13": {
      "integrity": "sha512-VO9Ht/+p3SN7SKWqcrgEzjGbRSJYTx+Q1pTQC0wrWqHx0vpJraQ6GtHx8tvcg1rlK1byhU5gccxgOgj7B0TDkQ=="
    },
    "callsites@3.1.0": {
      "integrity": "sha512-P8BjAsXvZS+VIDUI11hHCQEv74YT67YUi5JJFNWIqL235sBmjX4+qx9Muvls5ivyNENctx46xQLQ3aTuE7ssaQ=="
    },
    "chromium-bidi@14.0.0_devtools-protocol@0.0.1608973": {
      "integrity": "sha512-9gYlLtS6tStdRWzrtXaTMnqcM4dudNegMXJxkR0I/CXObHalYeYcAMPrL19eroNZHtJ8DQmu1E+ZNOYu/IXMXw==",
      "dependencies": [
        "devtools-protocol",
        "mitt",
        "zod"
      ]
    },
    "cliui@8.0.1": {
      "integrity": "sha512-BSeNnyus75C4//NQ9gQt1/csTXyo/8Sb+afLAkzAptFuMsod9HFokGNudZpi/oQV73hnVK+sR+5PVRMd+Dr7YQ==",
      "dependencies": [
        "string-width",
        "strip-ansi",
        "wrap-ansi"
      ]
    },
    "color-convert@2.0.1": {
      "integrity": "sha512-RRECPsj7iu/xb5oKYcsFHSppFNnsj/52OVTRKb4zP5onXwVF3zVmmToNcOfGC+CRDpfK/U584fMg38ZHCaElKQ==",
      "dependencies": [
        "color-name"
      ]
    },
    "color-name@1.1.4": {
      "integrity": "sha512-dOy+3AuW3a2wNbZHIuMZpTcgjGuLU/uBL/ubcZF9OXbDo8ff4O8yVp5Bf0efS8uEoYo5q4Fx7dY9OgQGXgAsQA=="
    },
    "cosmiconfig@9.0.2": {
      "integrity": "sha512-gtTZxTDau1wL7Y7zifc2dd8jHSK/k6BTx/2Xp/BpdlAdnlYWFVt7qhJqgwi7637yRwRQ3qL4ZidbB4I8tA5VOg==",
      "dependencies": [
        "env-paths",
        "import-fresh",
        "js-yaml",
        "parse-json"
      ]
    },
    "data-uri-to-buffer@6.0.2": {
      "integrity": "sha512-7hvf7/GW8e86rW0ptuwS3OcBGDjIi6SZva7hCyWC0yYry2cOPmLIjXAUHI6DK2HsnwJd9ifmt57i8eV2n4YNpw=="
    },
    "debug@4.4.3": {
      "integrity": "sha512-RGwwWnwQvkVfavKVt22FGLw+xYSdzARwm0ru6DhTVA3umU5hZc28V3kO4stgYryrTlLpuvgI9GiijltAjNbcqA==",
      "dependencies": [
        "ms"
      ]
    },
    "degenerator@5.0.1": {
      "integrity": "sha512-TllpMR/t0M5sqCXfj85i4XaAzxmS5tVA16dqvdkMwGmzI+dXLXnw3J+3Vdv7VKw+ThlTMboK6i9rnZ6Nntj5CQ==",
      "dependencies": [
        "ast-types",
        "escodegen",
        "esprima"
      ]
    },
    "devtools-protocol@0.0.1608973": {
      "integrity": "sha512-Tpm17fxYzt+J7VrGdc1k8YdRqS3YV7se/M6KeemEqvUbq/n7At1rWVuXMxQgpWkdwSdIEKYbU//Bve+Shm4YNQ=="
    },
    "emoji-regex@8.0.0": {
      "integrity": "sha512-MSjYzcWNOA0ewAHpz0MxpYFvwg6yjy1NG3xteoqz644VCo/RPgnr1/GGt+ic3iJTzQ8Eu3TdM14SawnVUmGE6A=="
    },
    "end-of-stream@1.4.5": {
      "integrity": "sha512-ooEGc6HP26xXq/N+GCGOT0JKCLDGrq2bQUZrQ7gyrJiZANJ/8YDTxTpQBXGMn+WbIQXNVpyWymm7KYVICQnyOg==",
      "dependencies": [
        "once"
      ]
    },
    "env-paths@2.2.1": {
      "integrity": "sha512-+h1lkLKhZMTYjog1VEpJNG7NZJWcuc2DDk/qsqSTRRCOXiLjeQ1d1/udrUGhqMxUgAlwKNZ0cf2uqan5GLuS2A=="
    },
    "error-ex@1.3.4": {
      "integrity": "sha512-sqQamAnR14VgCr1A618A3sGrygcpK+HEbenA/HiEAkkUwcZIIB/tgWqHFxWgOyDh4nB4JCRimh79dR5Ywc9MDQ==",
      "dependencies": [
        "is-arrayish"
      ]
    },
    "esbuild@0.28.2": {
      "integrity": "sha512-HKVLS8dvII+xoKW9kmqxbRKrnWEXfJJr/FZhhJmiqIB0e053QNYFqOBouTMO/k5sID4MvCiUCvv8b9M4h32wIA==",
      "optionalDependencies": [
        "@esbuild/aix-ppc64",
        "@esbuild/android-arm",
        "@esbuild/android-arm64",
        "@esbuild/android-x64",
        "@esbuild/darwin-arm64",
        "@esbuild/darwin-x64",
        "@esbuild/freebsd-arm64",
        "@esbuild/freebsd-x64",
        "@esbuild/linux-arm",
        "@esbuild/linux-arm64",
        "@esbuild/linux-ia32",
        "@esbuild/linux-loong64",
        "@esbuild/linux-mips64el",
        "@esbuild/linux-ppc64",
        "@esbuild/linux-riscv64",
        "@esbuild/linux-s390x",
        "@esbuild/linux-x64",
        "@esbuild/netbsd-arm64",
        "@esbuild/netbsd-x64",
        "@esbuild/openbsd-arm64",
        "@esbuild/openbsd-x64",
        "@esbuild/openharmony-arm64",
        "@esbuild/sunos-x64",
        "@esbuild/win32-arm64",
        "@esbuild/win32-ia32",
        "@esbuild/win32-x64"
      ],
      "scripts": true,
      "bin": true
    },
    "escalade@3.2.0": {
      "integrity": "sha512-WUj2qlxaQtO4g6Pq5c29GTcWGDyd8itL8zTlipgECz3JesAiiOKotd8JU6otB3PACgG6xkJUyVhboMS+bje/jA=="
    },
    "escodegen@2.1.0": {
      "integrity": "sha512-2NlIDTwUWJN0mRPQOdtQBzbUHvdGY2P1VXSyU83Q3xKxM7WHX2Ql8dKq782Q9TgQUNOLEzEYu9bzLNj1q88I5w==",
      "dependencies": [
        "esprima",
        "estraverse",
        "esutils"
      ],
      "optionalDependencies": [
        "source-map"
      ],
      "bin": true
    },
    "esprima@4.0.1": {
      "integrity": "sha512-eGuFFw7Upda+g4p+QHvnW0RyTX/SVeJBDM/gCtMARO0cLuT2HcEKnTPvhjV6aGeqrCB/sbNop0Kszm0jsaWU4A==",
      "bin": true
    },
    "estraverse@5.3.0": {
      "integrity": "sha512-MMdARuVEQziNTeJD8DgMqmhwR11BRQ/cBP+pLtYdSTnf3MIO8fFeiINEbX36ZdNlfU/7A9f3gUw49B3oQsvwBA=="
    },
    "esutils@2.0.3": {
      "integrity": "sha512-kVscqXk4OCp68SZ0dkgEKVi6/8ij300KBWTJq32P/dYeWTSwK41WyTxalN1eRmA5Z9UU/LX9D7FWSmV9SAYx6g=="
    },
    "events-universal@1.0.1": {
      "integrity": "sha512-LUd5euvbMLpwOF8m6ivPCbhQeSiYVNb8Vs0fQ8QjXo0JTkEHpz8pxdQf0gStltaPpw0Cca8b39KxvK9cfKRiAw==",
      "dependencies": [
        "bare-events"
      ]
    },
    "extract-zip@2.0.1": {
      "integrity": "sha512-GDhU9ntwuKyGXdZBUgTIe+vXnWj0fppUEtMDL0+idd5Sta8TGpHssn/eusA9mrPr9qNDym6SxAYZjNvCn/9RBg==",
      "dependencies": [
        "debug",
        "get-stream",
        "yauzl"
      ],
      "optionalDependencies": [
        "@types/yauzl"
      ],
      "bin": true
    },
    "fast-fifo@1.3.2": {
      "integrity": "sha512-/d9sfos4yxzpwkDkuN7k2SqFKtYNmCTzgfEpz82x34IM9/zc8KGxQoXg1liNC/izpRM/MBdt44Nmx41ZWqk+FQ=="
    },
    "fd-slicer@1.1.0": {
      "integrity": "sha512-cE1qsB/VwyQozZ+q1dGxR8LBYNZeofhEdUNGSMbQD3Gw2lAzX9Zb3uIU6Ebc/Fmyjo9AWWfnn0AUCHqtevs/8g==",
      "dependencies": [
        "pend"
      ]
    },
    "fsevents@2.3.2": {
      "integrity": "sha512-xiqMQR4xAeHTuB9uWm+fFRcIOgKBMiOBP+eXiyT7jsgVCq1bkVygt00oASowB7EdtpOHaaPgKt812P9ab+DDKA==",
      "os": ["darwin"],
      "scripts": true
    },
    "get-caller-file@2.0.5": {
      "integrity": "sha512-DyFP3BM/3YHTQOCUL/w0OZHR0lpKeGrxotcHWcqNEdnltqFwXVfhEBQ94eIo34AfQpo0rGki4cyIiftY06h2Fg=="
    },
    "get-stream@5.2.0": {
      "integrity": "sha512-nBF+F1rAZVCu/p7rjzgA+Yb4lfYXrpl7a6VmJrU8wF9I1CKvP/QwPNZHnOlwbTkY6dvtFIzFMSyQXbLoTQPRpA==",
      "dependencies": [
        "pump"
      ]
    },
    "get-uri@6.0.5": {
      "integrity": "sha512-b1O07XYq8eRuVzBNgJLstU6FYc1tS6wnMtF1I1D9lE8LxZSOGZ7LhxN54yPP6mGw5f2CkXY2BQUL9Fx41qvcIg==",
      "dependencies": [
        "basic-ftp",
        "data-uri-to-buffer",
        "debug"
      ]
    },
    "http-proxy-agent@7.0.2": {
      "integrity": "sha512-T1gkAiYYDWYx3V5Bmyu7HcfcvL7mUrTWiM6yOfa3PIphViJ/gFPbvidQ+veqSOHci/PxBcDabeUNCzpOODJZig==",
      "dependencies": [
        "agent-base",
        "debug"
      ]
    },
    "https-proxy-agent@7.0.6": {
      "integrity": "sha512-vK9P5/iUfdl95AI+JVyUuIcVtd4ofvtrOr3HNtM2yxC9bnMbEdp3x01OhQNnjb8IJYi38VlTE3mBXwcfvywuSw==",
      "dependencies": [
        "agent-base",
        "debug"
      ]
    },
    "import-fresh@3.3.1": {
      "integrity": "sha512-TR3KfrTZTYLPB6jUjfx6MF9WcWrHL9su5TObK4ZkYgBdWKPOFoSoQIdEuTuR82pmtxH2spWG9h6etwfr1pLBqQ==",
      "dependencies": [
        "parent-module",
        "resolve-from"
      ]
    },
    "ip-address@10.5.0": {
      "integrity": "sha512-R5SnVLJmgYYvf2F2ZgwSBnelz5G4q5AxIC277GDfUaNbrZKNANcBC7RHqYYePlszf4kBolVkJauG0ZjHHFh55g=="
    },
    "is-arrayish@0.2.1": {
      "integrity": "sha512-zz06S8t0ozoDXMG+ube26zeCTNXcKIPJZJi8hBrF4idCLms4CG9QtK7qBl1boi5ODzFpjswb5JPmHCbMpjaYzg=="
    },
    "is-fullwidth-code-point@3.0.0": {
      "integrity": "sha512-zymm5+u+sCsSWyD9qNaejV3DFvhCKclKdizYaJUuHA83RLjb7nSuGnddCHGv0hk+KY7BMAlsWeK4Ueg6EV6XQg=="
    },
    "js-tokens@4.0.0": {
      "integrity": "sha512-RdJUflcE3cUzKiMqQgsCu06FPu9UdIJO0beYbPhHN4k6apgJtifcoCtT9bcxOpYBtpD2kCM6Sbzg4CausW/PKQ=="
    },
    "js-yaml@4.3.1": {
      "integrity": "sha512-CY6crGq313MX8GkwvB7tzgp99vjQxY1++5y10/BKN/GUfHqWaOGQMNZkBvqSzsZKWk/ijwHlWzzkLulsGHhjWQ==",
      "dependencies": [
        "argparse"
      ],
      "bin": true
    },
    "json-parse-even-better-errors@2.3.1": {
      "integrity": "sha512-xyFwyhro/JEof6Ghe2iz2NcXoj2sloNsWr/XsERDK/oiPCfaNhl5ONfp+jQdAZRQQ0IJWNzH9zIZF7li91kh2w=="
    },
    "lines-and-columns@1.2.4": {
      "integrity": "sha512-7ylylesZQ/PV29jhEDl3Ufjo6ZX7gCqJr5F7PKrqc93v7fzSymt1BpwEU8nAUXs8qzzvqhbjhK5QZg6Mt/HkBg=="
    },
    "lru-cache@7.18.3": {
      "integrity": "sha512-jumlc0BIUrS3qJGgIkWZsyfAM7NCWiBcCDhnd+3NNM5KbBmLTgHVfWBcg6W+rLUsIpzpERPsvwUP7CckAQSOoA=="
    },
    "mitt@3.0.1": {
      "integrity": "sha512-vKivATfr97l2/QBCYAkXYDbrIWPM2IIKEl7YPhjCvKlG3kE2gm+uBo6nEXK3M5/Ffh/FLpKExzOQ3JJoJGFKBw=="
    },
    "ms@2.1.3": {
      "integrity": "sha512-6FlzubTLZG3J2a/NVCAleEhjzq5oxgHyaCU9yYXvcLsvoVaHJq/s5xXI6/XXP6tz7R9xAOtHnSO/tXtF3WRTlA=="
    },
    "netmask@2.1.1": {
      "integrity": "sha512-eonl3sLUha+S1GzTPxychyhnUzKyeQkZ7jLjKrBagJgPla13F+uQ71HgpFefyHgqrjEbCPkDArxYsjY8/+gLKA=="
    },
    "once@1.4.0": {
      "integrity": "sha512-lNaJgI+2Q5URQBkccEKHTQOPaXdUxnZZElQTZY0MFUAuaEqe1E+Nyvgdz/aIyNi6Z9MzO5dv1H8n58/GELp3+w==",
      "dependencies": [
        "wrappy"
      ]
    },
    "pac-proxy-agent@7.2.0": {
      "integrity": "sha512-TEB8ESquiLMc0lV8vcd5Ql/JAKAoyzHFXaStwjkzpOpC5Yv+pIzLfHvjTSdf3vpa2bMiUQrg9i6276yn8666aA==",
      "dependencies": [
        "@tootallnate/quickjs-emscripten",
        "agent-base",
        "debug",
        "get-uri",
        "http-proxy-agent",
        "https-proxy-agent",
        "pac-resolver",
        "socks-proxy-agent"
      ]
    },
    "pac-resolver@7.0.1": {
      "integrity": "sha512-5NPgf87AT2STgwa2ntRMr45jTKrYBGkVU36yT0ig/n/GMAa3oPqhZfIQ2kMEimReg0+t9kZViDVZ83qfVUlckg==",
      "dependencies": [
        "degenerator",
        "netmask"
      ]
    },
    "parent-module@1.0.1": {
      "integrity": "sha512-GQ2EWRpQV8/o+Aw8YqtfZZPfNRWZYkbidE9k5rpl/hC3vtHHBfGm2Ifi6qWV+coDGkrUKZAxE3Lot5kcsRlh+g==",
      "dependencies": [
        "callsites"
      ]
    },
    "parse-json@5.2.0": {
      "integrity": "sha512-ayCKvm/phCGxOkYRSCM82iDwct8/EonSEgCSxWxD7ve6jHggsFl4fZVQBPRNgQoKiuV/odhFrGzQXZwbifC8Rg==",
      "dependencies": [
        "@babel/code-frame",
        "error-ex",
        "json-parse-even-better-errors",
        "lines-and-columns"
      ]
    },
    "pend@1.2.0": {
      "integrity": "sha512-F3asv42UuXchdzt+xXqfW1OGlVBe+mxa2mqI0pg5yAHZPvFmY3Y6drSf/GQ1A86WgWEN9Kzh/WrgKa6iGcHXLg=="
    },
    "picocolors@1.1.1": {
      "integrity": "sha512-xceH2snhtb5M9liqDsmEw56le376mTZkEX/jEb/RxNFyegNul7eNslCXP9FDj/Lcu0X8KEyMceP2ntpaHrDEVA=="
    },
    "playwright-core@1.62.1": {
      "integrity": "sha512-wPYSwEBJY9GHraISXqyqtx0na0LpO3XEX7jNDhntbex7tzUS7kLnZsOlFruFJB4Hi/rhDMjXGqHewDZ68nYZVw==",
      "bin": true
    },
    "playwright@1.62.1": {
      "integrity": "sha512-0M+L3LAD8/nm554LOla9Ayx0j0tmFZ0FBcoQ7F1VuVHpM/XpiC8RcDzBQB8W5+hA8L22THxELzeF+2WcUzvcLg==",
      "dependencies": [
        "playwright-core"
      ],
      "optionalDependencies": [
        "fsevents"
      ],
      "bin": true
    },
    "progress@2.0.3": {
      "integrity": "sha512-7PiHtLll5LdnKIMw100I+8xJXR5gW2QwWYkT6iJva0bXitZKa/XMrSbdmg3r2Xnaidz9Qumd0VPaMrZlF9V9sA=="
    },
    "proxy-agent@6.5.0": {
      "integrity": "sha512-TmatMXdr2KlRiA2CyDu8GqR8EjahTG3aY3nXjdzFyoZbmB8hrBsTyMezhULIXKnC0jpfjlmiZ3+EaCzoInSu/A==",
      "dependencies": [
        "agent-base",
        "debug",
        "http-proxy-agent",
        "https-proxy-agent",
        "lru-cache",
        "pac-proxy-agent",
        "proxy-from-env",
        "socks-proxy-agent"
      ]
    },
    "proxy-from-env@1.1.0": {
      "integrity": "sha512-D+zkORCbA9f1tdWRK0RaCR3GPv50cMxcrz4X8k5LTSUD1Dkw47mKJEZQNunItRTkWwgtaUSo1RVFRIG9ZXiFYg=="
    },
    "pump@3.0.4": {
      "integrity": "sha512-VS7sjc6KR7e1ukRFhQSY5LM2uBWAUPiOPa/A3mkKmiMwSmRFUITt0xuj+/lesgnCv+dPIEYlkzrcyXgquIHMcA==",
      "dependencies": [
        "end-of-stream",
        "once"
      ]
    },
    "puppeteer-core@24.43.1": {
      "integrity": "sha512-T5ScUMAsmhdNbgDR41AGESYeS6V9MSgetkSnVhhW+gXvzC42VesKCn5ld87gAZDJ6vLHL9GkRvY9WtQWSnwFbw==",
      "dependencies": [
        "@puppeteer/browsers",
        "chromium-bidi",
        "debug",
        "devtools-protocol",
        "typed-query-selector",
        "webdriver-bidi-protocol",
        "ws"
      ]
    },
    "puppeteer@24.43.1": {
      "integrity": "sha512-/FSOViCrqRdb1HDocpsM9Z1giA71gTQPUt3SpHGVRALKAy/rJr1fLFYZW9F23qPxqVxTHQnbh/5B5opJST3kAw==",
      "dependencies": [
        "@puppeteer/browsers",
        "chromium-bidi",
        "cosmiconfig",
        "devtools-protocol",
        "puppeteer-core",
        "typed-query-selector"
      ],
      "scripts": true,
      "bin": true
    },
    "require-directory@2.1.1": {
      "integrity": "sha512-fGxEI7+wsG9xrvdjsrlmL22OMTTiHRwAMroiEeMgq8gzoLC/PQr7RsRDSTLUg/bZAZtF+TVIkHc6/4RIKrui+Q=="
    },
    "resolve-from@4.0.0": {
      "integrity": "sha512-pb/MYmXstAkysRFx8piNI1tGFNQIFA3vkE3Gq4EuA1dF6gHp/+vgZqsCGJapvy8N3Q+4o7FwvquPJcnZ7RYy4g=="
    },
    "semver@7.8.5": {
      "integrity": "sha512-Y7/KDsb8LjooZpwaqGyulO6DQlksgCncchHGk+sZIY4SBvUocMBEFH5Ur1fI4dV+Jvl0w6cjvucaIi40puRioA==",
      "bin": true
    },
    "smart-buffer@4.2.0": {
      "integrity": "sha512-94hK0Hh8rPqQl2xXc3HsaBoOXKV20MToPkcXvwbISWLEs+64sBq5kFgn2kJDHb1Pry9yrP0dxrCI9RRci7RXKg=="
    },
    "socks-proxy-agent@8.0.5": {
      "integrity": "sha512-HehCEsotFqbPW9sJ8WVYB6UbmIMv7kUUORIF2Nncq4VQvBfNBLibW9YZR5dlYCSUhwcD628pRllm7n+E+YTzJw==",
      "dependencies": [
        "agent-base",
        "debug",
        "socks"
      ]
    },
    "socks@2.8.9": {
      "integrity": "sha512-LJhUYUvItdQ0LkJTmPeaEObWXAqFyfmP85x0tch/ez9cahmhlBBLbIqDFnvBnUJGagb0JbIQrkBs1wJ+yRYpEw==",
      "dependencies": [
        "ip-address",
        "smart-buffer"
      ]
    },
    "source-map@0.6.1": {
      "integrity": "sha512-UjgapumWlbMhkBgzT7Ykc5YXUT46F0iKu8SGXq0bcwP5dz/h0Plj6enJqjz1Zbq2l5WaqYnrVbwWOWMyF3F47g=="
    },
    "streamx@2.28.0": {
      "integrity": "sha512-1Yowhzjf0ivGMrTIkY9hav5TxobO9qIVqUE41fiCGMGgc3CLlf4MY+9AHmZqBWgDTue0fY9zWjYFVyf6Diuobw==",
      "dependencies": [
        "events-universal",
        "fast-fifo",
        "text-decoder"
      ]
    },
    "string-width@4.2.3": {
      "integrity": "sha512-wKyQRQpjJ0sIp62ErSZdGsjMJWsap5oRNihHhu6G7JVO/9jIB6UyevL+tXuOqrng8j/cxKTWyWUwvSTriiZz/g==",
      "dependencies": [
        "emoji-regex",
        "is-fullwidth-code-point",
        "strip-ansi"
      ]
    },
    "strip-ansi@6.0.1": {
      "integrity": "sha512-Y38VPSHcqkFrCpFnQ9vuSXmquuv5oXOKpGeT6aGrr3o3Gc9AlVa6JBfUSOCnbxGGZF+/0ooI7KrPuUSztUdU5A==",
      "dependencies": [
        "ansi-regex"
      ]
    },
    "tar-fs@3.1.3": {
      "integrity": "sha512-/hU4AXnIdZu+Gvl1pk0oI5f5HxWsCJRtY2aFaJdk9VvyL48DWU6iU5WAIPG+wIi1YvWA6eTJvIviP/tMAZZNwQ==",
      "dependencies": [
        "pump",
        "tar-stream"
      ],
      "optionalDependencies": [
        "bare-fs",
        "bare-path"
      ]
    },
    "tar-stream@3.2.0": {
      "integrity": "sha512-ojzvCvVaNp6aOTFmG7jaRD0meowIAuPc3cMMhSgKiVWws1GyHbGd/xvnyuRKcKlMpt3qvxx6r0hreCNITP9hIg==",
      "dependencies": [
        "b4a",
        "bare-fs",
        "fast-fifo",
        "streamx"
      ]
    },
    "teex@1.0.1": {
      "integrity": "sha512-eYE6iEI62Ni1H8oIa7KlDU6uQBtqr4Eajni3wX7rpfXD8ysFx8z0+dri+KWEPWpBsxXfxu58x/0jvTVT1ekOSg==",
      "dependencies": [
        "streamx"
      ]
    },
    "text-decoder@1.2.7": {
      "integrity": "sha512-vlLytXkeP4xvEq2otHeJfSQIRyWxo/oZGEbXrtEEF9Hnmrdly59sUbzZ/QgyWuLYHctCHxFF4tRQZNQ9k60ExQ==",
      "dependencies": [
        "b4a"
      ]
    },
    "tslib@2.8.1": {
      "integrity": "sha512-oJFu94HQb+KVduSUQL7wnpmqnfmLsOA/nAh6b6EH0wCEoK0/mPeXU6c3wKDV83MkOuHPRHtSXKKU99IBazS/2w=="
    },
    "typed-query-selector@2.12.2": {
      "integrity": "sha512-EOPFbyIub4ngnEdqi2yOcNeDLaX/0jcE1JoAXQDDMIthap7FoN795lc/SHfIq2d416VufXpM8z/lD+WRm2gfOQ=="
    },
    "undici-types@8.3.0": {
      "integrity": "sha512-j375ScV60dom+YkPFIfTLcOiPxkN/buHz5GobjLhixFuANaNs3C9l4GmrWqejgXWJ7BbJcFYpTEUkS1Ge8bpZQ=="
    },
    "webdriver-bidi-protocol@0.4.1": {
      "integrity": "sha512-ARrjNjtWRRs2w4Tk7nqrf2gBI0QXWuOmMCx2hU+1jUt6d00MjMxURrhxhGbrsoiZKJrhTSTzbIrc554iKI10qw=="
    },
    "wrap-ansi@7.0.0": {
      "integrity": "sha512-YVGIj2kamLSTxw6NsZjoBxfSwsn0ycdesmc4p+Q21c5zPuZ1pl+NfxVdxPtdHvmNVOQ6XSYG4AUtyt/Fi7D16Q==",
      "dependencies": [
        "ansi-styles",
        "string-width",
        "strip-ansi"
      ]
    },
    "wrappy@1.0.2": {
      "integrity": "sha512-l4Sp/DRseor9wL6EvV2+TuQn63dMkPjZ/sp9XkghTEbV9KlPS1xUsZ3u7/IQO4wxtcFB4bgpQPRcR3QCvezPcQ=="
    },
    "ws@8.21.0": {
      "integrity": "sha512-Vsp28b7DRcimFQvrqu2Wek3z1iYxDCWqHYB8Qsnk/S4RfaCQzPGPyBNuVjJV3cd6UiKtUtp6sNM77gWvzcCH+g=="
    },
    "y18n@5.0.8": {
      "integrity": "sha512-0pfFzegeDWJHJIAmTLRP2DwHjdF5s7jo9tuztdQxAhINCdvS+3nGINqPd00AphqJR/0LhANUS6/+7SCb98YOfA=="
    },
    "yargs-parser@21.1.1": {
      "integrity": "sha512-tVpsJW7DdjecAiFpbIB1e3qxIQsE6NoPc5/eTdrbbIC4h0LVsWhnoa3g+m2HclBIujHzsxZ4VJVA+GUuc2/LBw=="
    },
    "yargs@17.7.3": {
      "integrity": "sha512-GZtjxm/J/4TSxuL3FNYjCmLktBTnIw/rVmKSIyKeYAZpmJB2ig9VauCC5xsa82GNKVKDAqpOn3KVzNt0zmrU0g==",
      "dependencies": [
        "cliui",
        "escalade",
        "get-caller-file",
        "require-directory",
        "string-width",
        "y18n",
        "yargs-parser"
      ]
    },
    "yauzl@2.10.0": {
      "integrity": "sha512-p4a9I6X6nu6IhoGmBqAcbJy1mlC4j27vEPZX9F4L4/vZT3Lyq1VkFHw/V/PUcB9Buo+DG3iHkT0x3Qya58zc3g==",
      "dependencies": [
        "buffer-crc32",
        "fd-slicer"
      ]
    },
    "zod@3.25.76": {
      "integrity": "sha512-gzUt/qt81nXsFGKIFcC3YnfEAx5NkunCfnDlvuBSSFS02bcXu4Lmea0AFIUwbLWxWPx3d9p8S5QoaujKcNQxcQ=="
    }
  },
  "workspace": {
    "dependencies": [
      "jsr:@marianmeres/clog@^3.21.0",
      "jsr:@marianmeres/design-tokens@^1.17.0",
      "jsr:@marianmeres/npmbuild@^1.16.0",
      "jsr:@marianmeres/vanilla@^1.8.0",
      "jsr:@std/assert@^1.0.19",
      "jsr:@std/fs@^1.0.24",
      "jsr:@std/path@^1.1.6",
      "jsr:@std/testing@^1.0.18"
    ]
  }
}
